
Microsoft Visual Studio Solution File, Format Version 12.00
# Visual Studio Version 17
VisualStudioVersion = 17.6.33829.357
MinimumVisualStudioVersion = 10.0.40219.1
Project("{FAE04EC0-301F-11D3-BF4B-00C04F79EFBC}") = "trabajoo", "trabajoo.csproj", "{B6B05ED5-8ABC-42C7-869B-21E60DDE987C}"
EndProject
Global
	GlobalSection(SolutionConfigurationPlatforms) = preSolution
		Debug|Any CPU = Debug|Any CPU
		Release|Any CPU = Release|Any CPU
	EndGlobalSection
	GlobalSection(ProjectConfigurationPlatforms) = postSolution
		{B6B05ED5-8ABC-42C7-869B-21E60DDE987C}.Debug|Any CPU.ActiveCfg = Debug|Any CPU
		{B6B05ED5-8ABC-42C7-869B-21E60DDE987C}.Debug|Any CPU.Build.0 = Debug|Any CPU
		{B6B05ED5-8ABC-42C7-869B-21E60DDE987C}.Release|Any CPU.ActiveCfg = Release|Any CPU
		{B6B05ED5-8ABC-42C7-869B-21E60DDE987C}.Release|Any CPU.Build.0 = Release|Any CPU
	EndGlobalSection
	GlobalSection(SolutionProperties) = preSolution
		HideSolutionNode = FALSE
	EndGlobalSection
	GlobalSection(ExtensibilityGlobals) = postSolution
		SolutionGuid = {AEE19BAF-E7AA-419D-A680-86BBE361D6E4}
	EndGlobalSection
EndGlobal
